git.tcp.direct/kayos/common v0.9.9 h1:GTJ1yxhlqemG4b8AyUvDYpSiMnxvGZGiBVKWQCO/YLY=
git.tcp.direct/kayos/common v0.9.9/go.mod h1:mqqaU+YaD87DYwzoX1XCf8PTD4aTSqDLqsDNLsrngw8=
github.com/patrickmn/go-cache v2.1.0+incompatible h1:HRMgzkcYKYpi3C8ajMPV8OFXaaRUnok+kx1WdO15EQc=
github.com/patrickmn/go-cache v2.1.0+incompatible/go.mod h1:3Qf8kWWT7OJRJbdiICTKqZju1ZixQ/KpMGzzAfe6+WQ=
github.com/yunginnanet/Rate5 v1.3.5 h1:H2KAcQ1MckjmsXGL20Gu36EMyWzryL7RWcatBxYSyeY=
github.com/yunginnanet/Rate5 v1.3.5/go.mod h1:f0r66kVQZojRqUgVdLC/CKexMlF0nUDAmd01tBeF4Ms=
nullprogram.com/x/rng v1.1.0 h1:SMU7DHaQSWtKJNTpNFIFt8Wd/KSmOuSDPXrMFp/UMro=
nullprogram.com/x/rng v1.1.0/go.mod h1:glGw6V87vyfawxCzqOABL3WfL95G65az9Z2JZCylCkg=
