git.tcp.direct/kayos/common v0.9.6 h1:EITtktxZF/zkzqAhZZxvm6cZpFYoZ0P/gLB9RPatKUY=
git.tcp.direct/kayos/common v0.9.6/go.mod h1:8y9b+PN1+ZVaQ/VugD9dkKe+uqhE8jH7a64RyF7h2rM=
github.com/patrickmn/go-cache v2.1.0+incompatible h1:HRMgzkcYKYpi3C8ajMPV8OFXaaRUnok+kx1WdO15EQc=
github.com/patrickmn/go-cache v2.1.0+incompatible/go.mod h1:3Qf8kWWT7OJRJbdiICTKqZju1ZixQ/KpMGzzAfe6+WQ=
github.com/yunginnanet/Rate5 v1.2.1 h1:6G8j0RLZofS76l6cMvqa8v6yeGbn2yPNk0xqH6EXcnU=
github.com/yunginnanet/Rate5 v1.2.1/go.mod h1:f0r66kVQZojRqUgVdLC/CKexMlF0nUDAmd01tBeF4Ms=
golang.org/x/tools v0.15.0 h1:zdAyfUGbYmuVokhzVmghFl2ZJh5QhcfebBgmVPFYA+8=
golang.org/x/tools v0.15.0/go.mod h1:hpksKq4dtpQWS1uQ61JkdqWM3LscIS6Slf+VVkm+wQk=
nullprogram.com/x/rng v1.1.0 h1:SMU7DHaQSWtKJNTpNFIFt8Wd/KSmOuSDPXrMFp/UMro=
nullprogram.com/x/rng v1.1.0/go.mod h1:glGw6V87vyfawxCzqOABL3WfL95G65az9Z2JZCylCkg=
